version = 1
revision = 2
requires-python = ">=3.13"

[[package]]
name = "pyosys"
version = "0.53"
source = { registry = "https://pypi.org/simple" }
dependencies = [
    { name = "setuptools" },
    { name = "wheel" },
]
wheels = [
    { url = "https://files.pythonhosted.org/packages/bf/18/c2b92889d8f3a18ff1bdec89fe4dda46456dd9e5fc3d05ac1ea2f3f7adfd/pyosys-0.53-cp313-cp313-macosx_11_0_arm64.whl", hash = "sha256:87255179a793ff5b3980f07eaeeceb8478e003db7ba8b8836cd5c0821cd748ae", size = 18722252, upload-time = "2025-05-06T08:12:28.927Z" },
    { url = "https://files.pythonhosted.org/packages/70/57/bb540d48ab360718c0b756f660161764efb0e70b2e6b987b18d17e5a8857/pyosys-0.53-cp313-cp313-macosx_11_0_x86_64.whl", hash = "sha256:7f75d211423d0a8867fe9c26420f7aee837d8b95f3abfe6d967cea11fa420d28", size = 20650447, upload-time = "2025-05-06T08:12:31.408Z" },
    { url = "https://files.pythonhosted.org/packages/e0/9d/e8e01c848092afd2951eb5c5a4dbe1192c5627ec997fe8e21fedbc8f36c6/pyosys-0.53-cp313-cp313-manylinux_2_27_aarch64.manylinux_2_28_aarch64.whl", hash = "sha256:0574639cfef19d4273ecd7b15d7b892f30134f7cee1db70bd860c3b77e8659a9", size = 20368133, upload-time = "2025-05-06T08:12:33.466Z" },
    { url = "https://files.pythonhosted.org/packages/b8/02/81e709f807cd5c5d3b52af34c9ebc9263a8aec3f7e74315c2d53576da850/pyosys-0.53-cp313-cp313-manylinux_2_27_x86_64.manylinux_2_28_x86_64.whl", hash = "sha256:50e81d9d71aa95242a5becfa0012acda75f879c8c2ab37b282da9551b9a984dd", size = 20911424, upload-time = "2025-05-06T08:12:35.515Z" },
]

[[package]]
name = "setuptools"
version = "80.4.0"
source = { registry = "https://pypi.org/simple" }
sdist = { url = "https://files.pythonhosted.org/packages/95/32/0cc40fe41fd2adb80a2f388987f4f8db3c866c69e33e0b4c8b093fdf700e/setuptools-80.4.0.tar.gz", hash = "sha256:5a78f61820bc088c8e4add52932ae6b8cf423da2aff268c23f813cfbb13b4006", size = 1315008, upload-time = "2025-05-09T20:42:27.972Z" }
wheels = [
    { url = "https://files.pythonhosted.org/packages/b1/93/dba5ed08c2e31ec7cdc2ce75705a484ef0be1a2fecac8a58272489349de8/setuptools-80.4.0-py3-none-any.whl", hash = "sha256:6cdc8cb9a7d590b237dbe4493614a9b75d0559b888047c1f67d49ba50fc3edb2", size = 1200812, upload-time = "2025-05-09T20:42:25.325Z" },
]

[[package]]
name = "verai"
version = "0.1.0"
source = { virtual = "." }
dependencies = [
    { name = "pyosys" },
]

[package.metadata]
requires-dist = [{ name = "pyosys", specifier = ">=0.53" }]

[[package]]
name = "wheel"
version = "0.45.1"
source = { registry = "https://pypi.org/simple" }
sdist = { url = "https://files.pythonhosted.org/packages/8a/98/2d9906746cdc6a6ef809ae6338005b3f21bb568bea3165cfc6a243fdc25c/wheel-0.45.1.tar.gz", hash = "sha256:661e1abd9198507b1409a20c02106d9670b2576e916d58f520316666abca6729", size = 107545, upload-time = "2024-11-23T00:18:23.513Z" }
wheels = [
    { url = "https://files.pythonhosted.org/packages/0b/2c/87f3254fd8ffd29e4c02732eee68a83a1d3c346ae39bc6822dcbcb697f2b/wheel-0.45.1-py3-none-any.whl", hash = "sha256:708e7481cc80179af0e556bbf0cc00b8444c7321e2700b8d8580231d13017248", size = 72494, upload-time = "2024-11-23T00:18:21.207Z" },
]
